
Microsoft Visual Studio Solution File, Format Version 12.00
# Visual Studio 15
VisualStudioVersion = 15.0.26730.12
MinimumVisualStudioVersion = 10.0.40219.1
Project("{9A19103F-16F7-4668-BE54-9A1E7A4F7556}") = "Gossip.Web", "Gossip.Web\Gossip.Web.csproj", "{FB7AC063-543A-4935-BA1F-3B85DDD4E2C0}"
EndProject
Project("{2150E333-8FDC-42A3-9474-1A3956D46DE8}") = "Solution Items", "Solution Items", "{515E6E78-596C-4071-8B00-E390EB2221B2}"
	ProjectSection(SolutionItems) = preProject
		.gitignore = .gitignore
	EndProjectSection
EndProject
Project("{9A19103F-16F7-4668-BE54-9A1E7A4F7556}") = "Gossip.Web.Tests", "Gossip.Web.Tests\Gossip.Web.Tests.csproj", "{90D810CB-A922-4415-8856-5A94C10CA9B7}"
EndProject
Project("{9A19103F-16F7-4668-BE54-9A1E7A4F7556}") = "Gossip.SQLite", "Gossip.SQLite\Gossip.SQLite.csproj", "{713C2DCB-726F-4859-89CB-671A9177075F}"
EndProject
Project("{FAE04EC0-301F-11D3-BF4B-00C04F79EFBC}") = "Gossip.Domain", "Gossip.Domain\Gossip.Domain.csproj", "{B8C38972-C550-4880-8C7D-32AA95DE46F5}"
EndProject
Project("{FAE04EC0-301F-11D3-BF4B-00C04F79EFBC}") = "Gossip.Application", "Gossip.Application\Gossip.Application.csproj", "{1ACD5386-4605-4A7B-A0E3-66BBF4D73D4E}"
EndProject
Project("{FAE04EC0-301F-11D3-BF4B-00C04F79EFBC}") = "Gossip.SQLite.Tests", "Gossip.SQLite.Tests\Gossip.SQLite.Tests.csproj", "{A83B5E05-B1A1-433D-AA66-E00A8798B6FC}"
EndProject
Project("{2150E333-8FDC-42A3-9474-1A3956D46DE8}") = "Tests", "Tests", "{934E2E5B-865D-47E1-A8D9-9234F7E34A5A}"
EndProject
Global
	GlobalSection(SolutionConfigurationPlatforms) = preSolution
		Debug|Any CPU = Debug|Any CPU
		Release|Any CPU = Release|Any CPU
	EndGlobalSection
	GlobalSection(ProjectConfigurationPlatforms) = postSolution
		{FB7AC063-543A-4935-BA1F-3B85DDD4E2C0}.Debug|Any CPU.ActiveCfg = Debug|Any CPU
		{FB7AC063-543A-4935-BA1F-3B85DDD4E2C0}.Debug|Any CPU.Build.0 = Debug|Any CPU
		{FB7AC063-543A-4935-BA1F-3B85DDD4E2C0}.Release|Any CPU.ActiveCfg = Release|Any CPU
		{FB7AC063-543A-4935-BA1F-3B85DDD4E2C0}.Release|Any CPU.Build.0 = Release|Any CPU
		{90D810CB-A922-4415-8856-5A94C10CA9B7}.Debug|Any CPU.ActiveCfg = Debug|Any CPU
		{90D810CB-A922-4415-8856-5A94C10CA9B7}.Debug|Any CPU.Build.0 = Debug|Any CPU
		{90D810CB-A922-4415-8856-5A94C10CA9B7}.Release|Any CPU.ActiveCfg = Release|Any CPU
		{90D810CB-A922-4415-8856-5A94C10CA9B7}.Release|Any CPU.Build.0 = Release|Any CPU
		{713C2DCB-726F-4859-89CB-671A9177075F}.Debug|Any CPU.ActiveCfg = Debug|Any CPU
		{713C2DCB-726F-4859-89CB-671A9177075F}.Debug|Any CPU.Build.0 = Debug|Any CPU
		{713C2DCB-726F-4859-89CB-671A9177075F}.Release|Any CPU.ActiveCfg = Release|Any CPU
		{713C2DCB-726F-4859-89CB-671A9177075F}.Release|Any CPU.Build.0 = Release|Any CPU
		{B8C38972-C550-4880-8C7D-32AA95DE46F5}.Debug|Any CPU.ActiveCfg = Debug|Any CPU
		{B8C38972-C550-4880-8C7D-32AA95DE46F5}.Debug|Any CPU.Build.0 = Debug|Any CPU
		{B8C38972-C550-4880-8C7D-32AA95DE46F5}.Release|Any CPU.ActiveCfg = Release|Any CPU
		{B8C38972-C550-4880-8C7D-32AA95DE46F5}.Release|Any CPU.Build.0 = Release|Any CPU
		{1ACD5386-4605-4A7B-A0E3-66BBF4D73D4E}.Debug|Any CPU.ActiveCfg = Debug|Any CPU
		{1ACD5386-4605-4A7B-A0E3-66BBF4D73D4E}.Debug|Any CPU.Build.0 = Debug|Any CPU
		{1ACD5386-4605-4A7B-A0E3-66BBF4D73D4E}.Release|Any CPU.ActiveCfg = Release|Any CPU
		{1ACD5386-4605-4A7B-A0E3-66BBF4D73D4E}.Release|Any CPU.Build.0 = Release|Any CPU
		{A83B5E05-B1A1-433D-AA66-E00A8798B6FC}.Debug|Any CPU.ActiveCfg = Debug|Any CPU
		{A83B5E05-B1A1-433D-AA66-E00A8798B6FC}.Debug|Any CPU.Build.0 = Debug|Any CPU
		{A83B5E05-B1A1-433D-AA66-E00A8798B6FC}.Release|Any CPU.ActiveCfg = Release|Any CPU
		{A83B5E05-B1A1-433D-AA66-E00A8798B6FC}.Release|Any CPU.Build.0 = Release|Any CPU
	EndGlobalSection
	GlobalSection(SolutionProperties) = preSolution
		HideSolutionNode = FALSE
	EndGlobalSection
	GlobalSection(NestedProjects) = preSolution
		{90D810CB-A922-4415-8856-5A94C10CA9B7} = {934E2E5B-865D-47E1-A8D9-9234F7E34A5A}
		{A83B5E05-B1A1-433D-AA66-E00A8798B6FC} = {934E2E5B-865D-47E1-A8D9-9234F7E34A5A}
	EndGlobalSection
	GlobalSection(ExtensibilityGlobals) = postSolution
		SolutionGuid = {25AA0C8E-F9F9-46A2-A487-A11160865E16}
	EndGlobalSection
EndGlobal
